// !$*UTF8*$!
{
	archiveVersion = 1;
	classes = {
	};
	objectVersion = 56;
	objects = {

/* Begin PBXBuildFile section */
		FB0000000000000000000110 /* NFLIslandApp.swift in Sources */ = {isa = PBXBuildFile; fileRef = FA0000000000000000000010 /* NFLIslandApp.swift */; };
		FB0000000000000000000111 /* ContentView.swift in Sources */ = {isa = PBXBuildFile; fileRef = FA0000000000000000000011 /* ContentView.swift */; };
		FB0000000000000000000112 /* ActivityManager.swift in Sources */ = {isa = PBXBuildFile; fileRef = FA0000000000000000000012 /* ActivityManager.swift */; };
		FB0000000000000000000113 /* Assets.xcassets in Resources */ = {isa = PBXBuildFile; fileRef = FA0000000000000000000013 /* Assets.xcassets */; };
		FB0000000000000000000130 /* NFLTeams.swift in Sources */ = {isa = PBXBuildFile; fileRef = FA0000000000000000000030 /* NFLTeams.swift */; };
		FB0000000000000000000131 /* TeamActivityAttributes.swift in Sources */ = {isa = PBXBuildFile; fileRef = FA0000000000000000000031 /* TeamActivityAttributes.swift */; };
		FB0000000000000000000220 /* NFLIslandWidgetBundle.swift in Sources */ = {isa = PBXBuildFile; fileRef = FA0000000000000000000020 /* NFLIslandWidgetBundle.swift */; };
		FB0000000000000000000221 /* TeamLiveActivity.swift in Sources */ = {isa = PBXBuildFile; fileRef = FA0000000000000000000021 /* TeamLiveActivity.swift */; };
		FB0000000000000000000230 /* NFLTeams.swift in Sources */ = {isa = PBXBuildFile; fileRef = FA0000000000000000000030 /* NFLTeams.swift */; };
		FB0000000000000000000231 /* TeamActivityAttributes.swift in Sources */ = {isa = PBXBuildFile; fileRef = FA0000000000000000000031 /* TeamActivityAttributes.swift */; };
		FB0000000000000000000240 /* NFLIslandWidget.appex in Embed Foundation Extensions */ = {isa = PBXBuildFile; fileRef = FA0000000000000000000002 /* NFLIslandWidget.appex */; settings = {ATTRIBUTES = (RemoveHeadersOnCopy, ); }; };
/* End PBXBuildFile section */

/* Begin PBXContainerItemProxy section */
		FD0000000000000000000431 /* PBXContainerItemProxy */ = {
			isa = PBXContainerItemProxy;
			containerPortal = FD0000000000000000000400 /* Project object */;
			proxyType = 1;
			remoteGlobalIDString = FD0000000000000000000402;
			remoteInfo = NFLIslandWidget;
		};
/* End PBXContainerItemProxy section */

/* Begin PBXCopyFilesBuildPhase section */
		FD0000000000000000000413 /* Embed Foundation Extensions */ = {
			isa = PBXCopyFilesBuildPhase;
			buildActionMask = 2147483647;
			dstPath = "";
			dstSubfolderSpec = 13;
			files = (
				FB0000000000000000000240 /* NFLIslandWidget.appex in Embed Foundation Extensions */,
			);
			name = "Embed Foundation Extensions";
			runOnlyForDeploymentPostprocessing = 0;
		};
/* End PBXCopyFilesBuildPhase section */

/* Begin PBXFileReference section */
		FA0000000000000000000001 /* NFLIsland.app */ = {isa = PBXFileReference; explicitFileType = wrapper.application; includeInIndex = 0; path = NFLIsland.app; sourceTree = BUILT_PRODUCTS_DIR; };
		FA0000000000000000000002 /* NFLIslandWidget.appex */ = {isa = PBXFileReference; explicitFileType = "wrapper.app-extension"; includeInIndex = 0; path = NFLIslandWidget.appex; sourceTree = BUILT_PRODUCTS_DIR; };
		FA0000000000000000000010 /* NFLIslandApp.swift */ = {isa = PBXFileReference; lastKnownFileType = sourcecode.swift; path = NFLIslandApp.swift; sourceTree = "<group>"; };
		FA0000000000000000000011 /* ContentView.swift */ = {isa = PBXFileReference; lastKnownFileType = sourcecode.swift; path = ContentView.swift; sourceTree = "<group>"; };
		FA0000000000000000000012 /* ActivityManager.swift */ = {isa = PBXFileReference; lastKnownFileType = sourcecode.swift; path = ActivityManager.swift; sourceTree = "<group>"; };
		FA0000000000000000000013 /* Assets.xcassets */ = {isa = PBXFileReference; lastKnownFileType = folder.assetcatalog; path = Assets.xcassets; sourceTree = "<group>"; };
		FA0000000000000000000014 /* Info.plist */ = {isa = PBXFileReference; lastKnownFileType = text.plist.xml; path = Info.plist; sourceTree = "<group>"; };
		FA0000000000000000000020 /* NFLIslandWidgetBundle.swift */ = {isa = PBXFileReference; lastKnownFileType = sourcecode.swift; path = NFLIslandWidgetBundle.swift; sourceTree = "<group>"; };
		FA0000000000000000000021 /* TeamLiveActivity.swift */ = {isa = PBXFileReference; lastKnownFileType = sourcecode.swift; path = TeamLiveActivity.swift; sourceTree = "<group>"; };
		FA0000000000000000000022 /* Info.plist */ = {isa = PBXFileReference; lastKnownFileType = text.plist.xml; path = Info.plist; sourceTree = "<group>"; };
		FA0000000000000000000030 /* NFLTeams.swift */ = {isa = PBXFileReference; lastKnownFileType = sourcecode.swift; path = NFLTeams.swift; sourceTree = "<group>"; };
		FA0000000000000000000031 /* TeamActivityAttributes.swift */ = {isa = PBXFileReference; lastKnownFileType = sourcecode.swift; path = TeamActivityAttributes.swift; sourceTree = "<group>"; };
/* End PBXFileReference section */

/* Begin PBXFrameworksBuildPhase section */
		FD0000000000000000000411 /* Frameworks */ = {
			isa = PBXFrameworksBuildPhase;
			buildActionMask = 2147483647;
			files = (
			);
			runOnlyForDeploymentPostprocessing = 0;
		};
		FD0000000000000000000421 /* Frameworks */ = {
			isa = PBXFrameworksBuildPhase;
			buildActionMask = 2147483647;
			files = (
			);
			runOnlyForDeploymentPostprocessing = 0;
		};
/* End PBXFrameworksBuildPhase section */

/* Begin PBXGroup section */
		FC0000000000000000000300 = {
			isa = PBXGroup;
			children = (
				FC0000000000000000000304 /* Shared */,
				FC0000000000000000000302 /* NFLIsland */,
				FC0000000000000000000303 /* NFLIslandWidget */,
				FC0000000000000000000301 /* Products */,
			);
			sourceTree = "<group>";
		};
		FC0000000000000000000301 /* Products */ = {
			isa = PBXGroup;
			children = (
				FA0000000000000000000001 /* NFLIsland.app */,
				FA0000000000000000000002 /* NFLIslandWidget.appex */,
			);
			name = Products;
			sourceTree = "<group>";
		};
		FC0000000000000000000302 /* NFLIsland */ = {
			isa = PBXGroup;
			children = (
				FA0000000000000000000010 /* NFLIslandApp.swift */,
				FA0000000000000000000011 /* ContentView.swift */,
				FA0000000000000000000012 /* ActivityManager.swift */,
				FA0000000000000000000013 /* Assets.xcassets */,
				FA0000000000000000000014 /* Info.plist */,
			);
			path = NFLIsland;
			sourceTree = "<group>";
		};
		FC0000000000000000000303 /* NFLIslandWidget */ = {
			isa = PBXGroup;
			children = (
				FA0000000000000000000020 /* NFLIslandWidgetBundle.swift */,
				FA0000000000000000000021 /* TeamLiveActivity.swift */,
				FA0000000000000000000022 /* Info.plist */,
			);
			path = NFLIslandWidget;
			sourceTree = "<group>";
		};
		FC0000000000000000000304 /* Shared */ = {
			isa = PBXGroup;
			children = (
				FA0000000000000000000030 /* NFLTeams.swift */,
				FA0000000000000000000031 /* TeamActivityAttributes.swift */,
			);
			path = Shared;
			sourceTree = "<group>";
		};
/* End PBXGroup section */

/* Begin PBXNativeTarget section */
		FD0000000000000000000401 /* NFLIsland */ = {
			isa = PBXNativeTarget;
			buildConfigurationList = FE0000000000000000000511 /* Build configuration list for PBXNativeTarget "NFLIsland" */;
			buildPhases = (
				FD0000000000000000000410 /* Sources */,
				FD0000000000000000000411 /* Frameworks */,
				FD0000000000000000000412 /* Resources */,
				FD0000000000000000000413 /* Embed Foundation Extensions */,
			);
			buildRules = (
			);
			dependencies = (
				FD0000000000000000000430 /* PBXTargetDependency */,
			);
			name = NFLIsland;
			productName = NFLIsland;
			productReference = FA0000000000000000000001 /* NFLIsland.app */;
			productType = "com.apple.product-type.application";
		};
		FD0000000000000000000402 /* NFLIslandWidget */ = {
			isa = PBXNativeTarget;
			buildConfigurationList = FE0000000000000000000512 /* Build configuration list for PBXNativeTarget "NFLIslandWidget" */;
			buildPhases = (
				FD0000000000000000000420 /* Sources */,
				FD0000000000000000000421 /* Frameworks */,
				FD0000000000000000000422 /* Resources */,
			);
			buildRules = (
			);
			dependencies = (
			);
			name = NFLIslandWidget;
			productName = NFLIslandWidget;
			productReference = FA0000000000000000000002 /* NFLIslandWidget.appex */;
			productType = "com.apple.product-type.app-extension";
		};
/* End PBXNativeTarget section */

/* Begin PBXProject section */
		FD0000000000000000000400 /* Project object */ = {
			isa = PBXProject;
			attributes = {
				BuildIndependentTargetsInParallel = 1;
				LastSwiftUpdateCheck = 1500;
				LastUpgradeCheck = 1500;
				TargetAttributes = {
					FD0000000000000000000401 = {
						CreatedOnToolsVersion = 15.0;
					};
					FD0000000000000000000402 = {
						CreatedOnToolsVersion = 15.0;
					};
				};
			};
			buildConfigurationList = FE0000000000000000000510 /* Build configuration list for PBXProject "NFLIsland" */;
			compatibilityVersion = "Xcode 14.0";
			developmentRegion = en;
			hasScannedForEncodings = 0;
			knownRegions = (
				en,
				Base,
			);
			mainGroup = FC0000000000000000000300;
			productRefGroup = FC0000000000000000000301 /* Products */;
			projectDirPath = "";
			projectRoot = "";
			targets = (
				FD0000000000000000000401 /* NFLIsland */,
				FD0000000000000000000402 /* NFLIslandWidget */,
			);
		};
/* End PBXProject section */

/* Begin PBXResourcesBuildPhase section */
		FD0000000000000000000412 /* Resources */ = {
			isa = PBXResourcesBuildPhase;
			buildActionMask = 2147483647;
			files = (
				FB0000000000000000000113 /* Assets.xcassets in Resources */,
			);
			runOnlyForDeploymentPostprocessing = 0;
		};
		FD0000000000000000000422 /* Resources */ = {
			isa = PBXResourcesBuildPhase;
			buildActionMask = 2147483647;
			files = (
			);
			runOnlyForDeploymentPostprocessing = 0;
		};
/* End PBXResourcesBuildPhase section */

/* Begin PBXSourcesBuildPhase section */
		FD0000000000000000000410 /* Sources */ = {
			isa = PBXSourcesBuildPhase;
			buildActionMask = 2147483647;
			files = (
				FB0000000000000000000110 /* NFLIslandApp.swift in Sources */,
				FB0000000000000000000111 /* ContentView.swift in Sources */,
				FB0000000000000000000112 /* ActivityManager.swift in Sources */,
				FB0000000000000000000130 /* NFLTeams.swift in Sources */,
				FB0000000000000000000131 /* TeamActivityAttributes.swift in Sources */,
			);
			runOnlyForDeploymentPostprocessing = 0;
		};
		FD0000000000000000000420 /* Sources */ = {
			isa = PBXSourcesBuildPhase;
			buildActionMask = 2147483647;
			files = (
				FB0000000000000000000220 /* NFLIslandWidgetBundle.swift in Sources */,
				FB0000000000000000000221 /* TeamLiveActivity.swift in Sources */,
				FB0000000000000000000230 /* NFLTeams.swift in Sources */,
				FB0000000000000000000231 /* TeamActivityAttributes.swift in Sources */,
			);
			runOnlyForDeploymentPostprocessing = 0;
		};
/* End PBXSourcesBuildPhase section */

/* Begin PBXTargetDependency section */
		FD0000000000000000000430 /* PBXTargetDependency */ = {
			isa = PBXTargetDependency;
			target = FD0000000000000000000402 /* NFLIslandWidget */;
			targetProxy = FD0000000000000000000431 /* PBXContainerItemProxy */;
		};
/* End PBXTargetDependency section */

/* Begin XCBuildConfiguration section */
		FE0000000000000000000500 /* Debug */ = {
			isa = XCBuildConfiguration;
			buildSettings = {
				ALWAYS_SEARCH_USER_PATHS = NO;
				CLANG_ANALYZER_NONNULL = YES;
				CLANG_ANALYZER_NUMBER_OBJECT_CONVERSION = YES_AGGRESSIVE;
				CLANG_CXX_LANGUAGE_STANDARD = "gnu++20";
				CLANG_ENABLE_MODULES = YES;
				CLANG_ENABLE_OBJC_ARC = YES;
				CLANG_ENABLE_OBJC_WEAK = YES;
				CLANG_WARN_BLOCK_CAPTURE_AUTORELEASING = YES;
				CLANG_WARN_BOOL_CONVERSION = YES;
				CLANG_WARN_COMMA = YES;
				CLANG_WARN_CONSTANT_CONVERSION = YES;
				CLANG_WARN_DEPRECATED_OBJC_IMPLEMENTATIONS = YES;
				CLANG_WARN_DIRECT_OBJC_ISA_USAGE = YES_ERROR;
				CLANG_WARN_DOCUMENTATION_COMMENTS = YES;
				CLANG_WARN_EMPTY_BODY = YES;
				CLANG_WARN_ENUM_CONVERSION = YES;
				CLANG_WARN_INFINITE_RECURSION = YES;
				CLANG_WARN_INT_CONVERSION = YES;
				CLANG_WARN_NON_LITERAL_NULL_CONVERSION = YES;
				CLANG_WARN_OBJC_IMPLICIT_RETAIN_SELF = YES;
				CLANG_WARN_OBJC_LITERAL_CONVERSION = YES;
				CLANG_WARN_OBJC_ROOT_CLASS = YES_ERROR;
				CLANG_WARN_QUOTED_INCLUDE_IN_FRAMEWORK_HEADER = YES;
				CLANG_WARN_RANGE_LOOP_ANALYSIS = YES;
				CLANG_WARN_STRICT_PROTOTYPES = YES;
				CLANG_WARN_SUSPICIOUS_MOVE = YES;
				CLANG_WARN_UNGUARDED_AVAILABILITY = YES_AGGRESSIVE;
				CLANG_WARN_UNREACHABLE_CODE = YES;
				CLANG_WARN__DUPLICATE_METHOD_MATCH = YES;
				COPY_PHASE_STRIP = NO;
				DEBUG_INFORMATION_FORMAT = dwarf;
				ENABLE_STRICT_OBJC_MSGSEND = YES;
				ENABLE_TESTABILITY = YES;
				ENABLE_USER_SCRIPT_SANDBOXING = YES;
				GCC_C_LANGUAGE_STANDARD = gnu17;
				GCC_DYNAMIC_NO_PIC = NO;
				GCC_NO_COMMON_BLOCKS = YES;
				GCC_OPTIMIZATION_LEVEL = 0;
				GCC_PREPROCESSOR_DEFINITIONS = (
					"DEBUG=1",
					"$(inherited)",
				);
				GCC_WARN_64_TO_32_BIT_CONVERSION = YES;
				GCC_WARN_ABOUT_RETURN_TYPE = YES_ERROR;
				GCC_WARN_UNDECLARED_SELECTOR = YES;
				GCC_WARN_UNINITIALIZED_AUTOS = YES_AGGRESSIVE;
				GCC_WARN_UNUSED_FUNCTION = YES;
				GCC_WARN_UNUSED_VARIABLE = YES;
				IPHONEOS_DEPLOYMENT_TARGET = 16.2;
				LOCALIZATION_PREFERS_STRING_CATALOGS = YES;
				MTL_ENABLE_DEBUG_INFO = INCLUDE_SOURCE;
				MTL_FAST_MATH = YES;
				ONLY_ACTIVE_ARCH = YES;
				SDKROOT = iphoneos;
				SWIFT_ACTIVE_COMPILATION_CONDITIONS = "DEBUG $(inherited)";
				SWIFT_OPTIMIZATION_LEVEL = "-Onone";
			};
			name = Debug;
		};
		FE0000000000000000000501 /* Release */ = {
			isa = XCBuildConfiguration;
			buildSettings = {
				ALWAYS_SEARCH_USER_PATHS = NO;
				CLANG_ANALYZER_NONNULL = YES;
				CLANG_ANALYZER_NUMBER_OBJECT_CONVERSION = YES_AGGRESSIVE;
				CLANG_CXX_LANGUAGE_STANDARD = "gnu++20";
				CLANG_ENABLE_MODULES = YES;
				CLANG_ENABLE_OBJC_ARC = YES;
				CLANG_ENABLE_OBJC_WEAK = YES;
				CLANG_WARN_BLOCK_CAPTURE_AUTORELEASING = YES;
				CLANG_WARN_BOOL_CONVERSION = YES;
				CLANG_WARN_COMMA = YES;
				CLANG_WARN_CONSTANT_CONVERSION = YES;
				CLANG_WARN_DEPRECATED_OBJC_IMPLEMENTATIONS = YES;
				CLANG_WARN_DIRECT_OBJC_ISA_USAGE = YES_ERROR;
				CLANG_WARN_DOCUMENTATION_COMMENTS = YES;
				CLANG_WARN_EMPTY_BODY = YES;
				CLANG_WARN_ENUM_CONVERSION = YES;
				CLANG_WARN_INFINITE_RECURSION = YES;
				CLANG_WARN_INT_CONVERSION = YES;
				CLANG_WARN_NON_LITERAL_NULL_CONVERSION = YES;
				CLANG_WARN_OBJC_IMPLICIT_RETAIN_SELF = YES;
				CLANG_WARN_OBJC_LITERAL_CONVERSION = YES;
				CLANG_WARN_OBJC_ROOT_CLASS = YES_ERROR;
				CLANG_WARN_QUOTED_INCLUDE_IN_FRAMEWORK_HEADER = YES;
				CLANG_WARN_RANGE_LOOP_ANALYSIS = YES;
				CLANG_WARN_STRICT_PROTOTYPES = YES;
				CLANG_WARN_SUSPICIOUS_MOVE = YES;
				CLANG_WARN_UNGUARDED_AVAILABILITY = YES_AGGRESSIVE;
				CLANG_WARN_UNREACHABLE_CODE = YES;
				CLANG_WARN__DUPLICATE_METHOD_MATCH = YES;
				COPY_PHASE_STRIP = NO;
				DEBUG_INFORMATION_FORMAT = "dwarf-with-dsym";
				ENABLE_NS_ASSERTIONS = NO;
				ENABLE_STRICT_OBJC_MSGSEND = YES;
				ENABLE_USER_SCRIPT_SANDBOXING = YES;
				GCC_C_LANGUAGE_STANDARD = gnu17;
				GCC_NO_COMMON_BLOCKS = YES;
				GCC_WARN_64_TO_32_BIT_CONVERSION = YES;
				GCC_WARN_ABOUT_RETURN_TYPE = YES_ERROR;
				GCC_WARN_UNDECLARED_SELECTOR = YES;
				GCC_WARN_UNINITIALIZED_AUTOS = YES_AGGRESSIVE;
				GCC_WARN_UNUSED_FUNCTION = YES;
				GCC_WARN_UNUSED_VARIABLE = YES;
				IPHONEOS_DEPLOYMENT_TARGET = 16.2;
				LOCALIZATION_PREFERS_STRING_CATALOGS = YES;
				MTL_ENABLE_DEBUG_INFO = NO;
				MTL_FAST_MATH = YES;
				SDKROOT = iphoneos;
				SWIFT_COMPILATION_MODE = wholemodule;
				VALIDATE_PRODUCT = YES;
			};
			name = Release;
		};
		FE0000000000000000000502 /* Debug */ = {
			isa = XCBuildConfiguration;
			buildSettings = {
				ASSETCATALOG_COMPILER_APPICON_NAME = AppIcon;
				ASSETCATALOG_COMPILER_GLOBAL_ACCENT_COLOR_NAME = AccentColor;
				CODE_SIGN_STYLE = Automatic;
				CURRENT_PROJECT_VERSION = 1;
				DEVELOPMENT_TEAM = "";
				ENABLE_PREVIEWS = YES;
				GENERATE_INFOPLIST_FILE = YES;
				INFOPLIST_FILE = NFLIsland/Info.plist;
				INFOPLIST_KEY_UIApplicationSceneManifest_Generation = YES;
				INFOPLIST_KEY_UIApplicationSupportsIndirectInputEvents = YES;
				INFOPLIST_KEY_UILaunchScreen_Generation = YES;
				INFOPLIST_KEY_UISupportedInterfaceOrientations_iPhone = UIInterfaceOrientationPortrait;
				LD_RUNPATH_SEARCH_PATHS = (
					"$(inherited)",
					"@executable_path/Frameworks",
				);
				MARKETING_VERSION = 1.0;
				PRODUCT_BUNDLE_IDENTIFIER = com.example.NFLIsland;
				PRODUCT_NAME = "$(TARGET_NAME)";
				SWIFT_EMIT_LOC_STRINGS = YES;
				SWIFT_VERSION = 5.0;
				TARGETED_DEVICE_FAMILY = 1;
			};
			name = Debug;
		};
		FE0000000000000000000503 /* Release */ = {
			isa = XCBuildConfiguration;
			buildSettings = {
				ASSETCATALOG_COMPILER_APPICON_NAME = AppIcon;
				ASSETCATALOG_COMPILER_GLOBAL_ACCENT_COLOR_NAME = AccentColor;
				CODE_SIGN_STYLE = Automatic;
				CURRENT_PROJECT_VERSION = 1;
				DEVELOPMENT_TEAM = "";
				ENABLE_PREVIEWS = YES;
				GENERATE_INFOPLIST_FILE = YES;
				INFOPLIST_FILE = NFLIsland/Info.plist;
				INFOPLIST_KEY_UIApplicationSceneManifest_Generation = YES;
				INFOPLIST_KEY_UIApplicationSupportsIndirectInputEvents = YES;
				INFOPLIST_KEY_UILaunchScreen_Generation = YES;
				INFOPLIST_KEY_UISupportedInterfaceOrientations_iPhone = UIInterfaceOrientationPortrait;
				LD_RUNPATH_SEARCH_PATHS = (
					"$(inherited)",
					"@executable_path/Frameworks",
				);
				MARKETING_VERSION = 1.0;
				PRODUCT_BUNDLE_IDENTIFIER = com.example.NFLIsland;
				PRODUCT_NAME = "$(TARGET_NAME)";
				SWIFT_EMIT_LOC_STRINGS = YES;
				SWIFT_VERSION = 5.0;
				TARGETED_DEVICE_FAMILY = 1;
			};
			name = Release;
		};
		FE0000000000000000000504 /* Debug */ = {
			isa = XCBuildConfiguration;
			buildSettings = {
				CODE_SIGN_STYLE = Automatic;
				CURRENT_PROJECT_VERSION = 1;
				DEVELOPMENT_TEAM = "";
				GENERATE_INFOPLIST_FILE = YES;
				INFOPLIST_FILE = NFLIslandWidget/Info.plist;
				INFOPLIST_KEY_CFBundleDisplayName = "NFL Island";
				INFOPLIST_KEY_NSHumanReadableCopyright = "";
				LD_RUNPATH_SEARCH_PATHS = (
					"$(inherited)",
					"@executable_path/Frameworks",
					"@executable_path/../../Frameworks",
				);
				MARKETING_VERSION = 1.0;
				PRODUCT_BUNDLE_IDENTIFIER = com.example.NFLIsland.NFLIslandWidget;
				PRODUCT_NAME = "$(TARGET_NAME)";
				SKIP_INSTALL = YES;
				SWIFT_EMIT_LOC_STRINGS = YES;
				SWIFT_VERSION = 5.0;
				TARGETED_DEVICE_FAMILY = 1;
			};
			name = Debug;
		};
		FE0000000000000000000505 /* Release */ = {
			isa = XCBuildConfiguration;
			buildSettings = {
				CODE_SIGN_STYLE = Automatic;
				CURRENT_PROJECT_VERSION = 1;
				DEVELOPMENT_TEAM = "";
				GENERATE_INFOPLIST_FILE = YES;
				INFOPLIST_FILE = NFLIslandWidget/Info.plist;
				INFOPLIST_KEY_CFBundleDisplayName = "NFL Island";
				INFOPLIST_KEY_NSHumanReadableCopyright = "";
				LD_RUNPATH_SEARCH_PATHS = (
					"$(inherited)",
					"@executable_path/Frameworks",
					"@executable_path/../../Frameworks",
				);
				MARKETING_VERSION = 1.0;
				PRODUCT_BUNDLE_IDENTIFIER = com.example.NFLIsland.NFLIslandWidget;
				PRODUCT_NAME = "$(TARGET_NAME)";
				SKIP_INSTALL = YES;
				SWIFT_EMIT_LOC_STRINGS = YES;
				SWIFT_VERSION = 5.0;
				TARGETED_DEVICE_FAMILY = 1;
			};
			name = Release;
		};
/* End XCBuildConfiguration section */

/* Begin XCConfigurationList section */
		FE0000000000000000000510 /* Build configuration list for PBXProject "NFLIsland" */ = {
			isa = XCConfigurationList;
			buildConfigurations = (
				FE0000000000000000000500 /* Debug */,
				FE0000000000000000000501 /* Release */,
			);
			defaultConfigurationIsVisible = 0;
			defaultConfigurationName = Release;
		};
		FE0000000000000000000511 /* Build configuration list for PBXNativeTarget "NFLIsland" */ = {
			isa = XCConfigurationList;
			buildConfigurations = (
				FE0000000000000000000502 /* Debug */,
				FE0000000000000000000503 /* Release */,
			);
			defaultConfigurationIsVisible = 0;
			defaultConfigurationName = Release;
		};
		FE0000000000000000000512 /* Build configuration list for PBXNativeTarget "NFLIslandWidget" */ = {
			isa = XCConfigurationList;
			buildConfigurations = (
				FE0000000000000000000504 /* Debug */,
				FE0000000000000000000505 /* Release */,
			);
			defaultConfigurationIsVisible = 0;
			defaultConfigurationName = Release;
		};
/* End XCConfigurationList section */
	};
	rootObject = FD0000000000000000000400 /* Project object */;
}
